# This file is generated by running "yarn install" inside your project.
# Manual changes might be lost - proceed with caution!

__metadata:
  version: 8
  cacheKey: 10c0

"@babel/code-frame@npm:^7.0.0":
  version: 7.24.7
  resolution: "@babel/code-frame@npm:7.24.7"
  dependencies:
    "@babel/highlight": "npm:^7.24.7"
    picocolors: "npm:^1.0.0"
  checksum: 10c0/ab0af539473a9f5aeaac7047e377cb4f4edd255a81d84a76058595f8540784cc3fbe8acf73f1e073981104562490aabfb23008cd66dc677a456a4ed5390fdde6
  languageName: node
  linkType: hard

"express@npm:^4.17.1":
  version: 4.17.1
  resolution: "express@npm:4.17.1"
  dependencies:
    version-guard: "npm:^1.1.1"
  languageName: node
  linkType: hard

"lodash@npm:^4.17.0, lodash@npm:^4.17.21":
  version: 4.17.21
  resolution: "lodash@npm:4.17.21"
  languageName: node
  linkType: hard

"my-app@workspace:.":
  version: 0.0.0-use.local
  resolution: "my-app@workspace:."
  dependencies:
    express: "npm:^4.17.1"
  languageName: unknown
  linkType: soft

"resolve@npm:^1.20.0":
  version: 1.22.1
  resolution: "resolve@npm:1.22.1"
  languageName: node
  linkType: hard

"resolve@patch:resolve@npm%3A^1.20.0#optional!builtin<compat/resolve>":
  version: 1.22.1
  resolution: "resolve@patch:resolve@npm%3A1.22.1#optional!builtin<compat/resolve>::version=1.22.1&hash=c3c19d"
  languageName: node
  linkType: hard

"string-width-cjs@npm:string-width@^4.2.0":
  version: 4.2.3
  resolution: "string-width@npm:4.2.3"
  languageName: node
  linkType: hard

"local-lib@link:./libs/local":
  version: 0.0.0-use.local
  resolution: "local-lib@link:./libs/local::locator=my-app%40workspace%3A."
  languageName: node
  linkType: soft

"left-pad@https://github.com/left-pad/left-pad/archive/v1.3.0.tar.gz":
  version: 1.3.0
  resolution: "left-pad@https://github.com/left-pad/left-pad/archive/v1.3.0.tar.gz"
  languageName: node
  linkType: hard
